{
  "name": "wf-api",
  "version": "1.0.0",
  "lockfileVersion": 3,
  "requires": true,
  "packages": {
    "": {
      "name": "wf-api",
      "version": "1.0.0",
      "license": "ISC",
      "dependencies": {
        "web-features": "^2.7.0"
      }
    },
    "node_modules/web-features": {
      "version": "2.7.0",
      "resolved": "https://registry.npmjs.org/web-features/-/web-features-2.7.0.tgz",
      "integrity": "sha512-giPvLGF+GEuTHWnJlIGqZLZe2zmJFlzuRYKyzghXDwbSM6F7mPtk51dEQ9yETZ/wJxiyfg3R+Bx+IaTq+nBG2A=="
    }
  }
}
